
Microsoft Visual Studio Solution File, Format Version 12.00
# Visual Studio Version 17
VisualStudioVersion = 17.10.35122.118
MinimumVisualStudioVersion = 10.0.40219.1
Project("{FAE04EC0-301F-11D3-BF4B-00C04F79EFBC}") = "SuperMarket_Antojitos.Server", "SuperMarket_Antojitos.Server\SuperMarket_Antojitos.Server.csproj", "{77832197-ACDB-415C-808C-3021B4896447}"
EndProject
Project("{54A90642-561A-4BB1-A94E-469ADEE60C69}") = "supermarket_antojitos.client", "supermarket_antojitos.client\supermarket_antojitos.client.esproj", "{7750C8D2-D972-4447-83FC-DEE3C80EEF32}"
EndProject
Project("{FAE04EC0-301F-11D3-BF4B-00C04F79EFBC}") = "Core", "Core\Core.csproj", "{29C57912-BBD1-4DA9-BF23-1EB04D29D538}"
EndProject
Global
	GlobalSection(SolutionConfigurationPlatforms) = preSolution
		Debug|Any CPU = Debug|Any CPU
		Release|Any CPU = Release|Any CPU
	EndGlobalSection
	GlobalSection(ProjectConfigurationPlatforms) = postSolution
		{77832197-ACDB-415C-808C-3021B4896447}.Debug|Any CPU.ActiveCfg = Debug|Any CPU
		{77832197-ACDB-415C-808C-3021B4896447}.Debug|Any CPU.Build.0 = Debug|Any CPU
		{77832197-ACDB-415C-808C-3021B4896447}.Release|Any CPU.ActiveCfg = Release|Any CPU
		{77832197-ACDB-415C-808C-3021B4896447}.Release|Any CPU.Build.0 = Release|Any CPU
		{7750C8D2-D972-4447-83FC-DEE3C80EEF32}.Debug|Any CPU.ActiveCfg = Debug|Any CPU
		{7750C8D2-D972-4447-83FC-DEE3C80EEF32}.Debug|Any CPU.Build.0 = Debug|Any CPU
		{7750C8D2-D972-4447-83FC-DEE3C80EEF32}.Debug|Any CPU.Deploy.0 = Debug|Any CPU
		{7750C8D2-D972-4447-83FC-DEE3C80EEF32}.Release|Any CPU.ActiveCfg = Release|Any CPU
		{7750C8D2-D972-4447-83FC-DEE3C80EEF32}.Release|Any CPU.Build.0 = Release|Any CPU
		{7750C8D2-D972-4447-83FC-DEE3C80EEF32}.Release|Any CPU.Deploy.0 = Release|Any CPU
		{29C57912-BBD1-4DA9-BF23-1EB04D29D538}.Debug|Any CPU.ActiveCfg = Debug|Any CPU
		{29C57912-BBD1-4DA9-BF23-1EB04D29D538}.Debug|Any CPU.Build.0 = Debug|Any CPU
		{29C57912-BBD1-4DA9-BF23-1EB04D29D538}.Release|Any CPU.ActiveCfg = Release|Any CPU
		{29C57912-BBD1-4DA9-BF23-1EB04D29D538}.Release|Any CPU.Build.0 = Release|Any CPU
	EndGlobalSection
	GlobalSection(SolutionProperties) = preSolution
		HideSolutionNode = FALSE
	EndGlobalSection
	GlobalSection(ExtensibilityGlobals) = postSolution
		SolutionGuid = {480B0E5E-A89E-4356-9AA5-0CBAF0F76428}
	EndGlobalSection
EndGlobal
